{
  "version": 4,
  "terraform_version": "1.6.2",
  "serial": 393,
  "lineage": "5e9d3dfe-f98f-b5a1-d64c-60161150ccb6",
  "outputs": {},
  "resources": [
    {
      "mode": "managed",
      "type": "azurerm_availability_set",
      "name": "worker-set",
      "provider": "provider[\"registry.terraform.io/hashicorp/azurerm\"]",
      "instances": [
        {
          "schema_version": 0,
          "attributes": {
            "id": "/subscriptions/4cfc7b54-c1c5-4ab5-ac41-ce0b11aeecfd/resourceGroups/test-group/providers/Microsoft.Compute/availabilitySets/worker-set",
            "location": "eastus",
            "managed": true,
            "name": "worker-set",
            "platform_fault_domain_count": 3,
            "platform_update_domain_count": 5,
            "proximity_placement_group_id": null,
            "resource_group_name": "test-group",
            "tags": null,
            "timeouts": null
          },
          "sensitive_attributes": [],
          "private": "eyJlMmJmYjczMC1lY2FhLTExZTYtOGY4OC0zNDM2M2JjN2M0YzAiOnsiY3JlYXRlIjoxODAwMDAwMDAwMDAwLCJkZWxldGUiOjE4MDAwMDAwMDAwMDAsInJlYWQiOjMwMDAwMDAwMDAwMCwidXBkYXRlIjoxODAwMDAwMDAwMDAwfX0=",
          "dependencies": [
            "azurerm_resource_group.test-group"
          ]
        }
      ]
    },
    {
      "mode": "managed",
      "type": "azurerm_linux_virtual_machine",
      "name": "test-control-vm-01",
      "provider": "provider[\"registry.terraform.io/hashicorp/azurerm\"]",
      "instances": [
        {
          "schema_version": 0,
          "attributes": {
            "additional_capabilities": [],
            "admin_password": null,
            "admin_ssh_key": [
              {
                "public_key": "ssh-rsa AAAAB3NzaC1yc2EAAAADAQABAAABgQDHpyvnJR7HR8OoZ6yvtLF/Ezp9M3WpaDCKU/jR06K4u1yYCMOG+o7PsSbya/PBfHPOL2+++dhbgK9zwSYbbBF9vWnPhM9CIcBkGtB1eWGgsNXy9Fw4mzj5UYpUeziGPfjD7vtp0EmdQtUatj9WoXZiY0PTCUEQanO3b2UE/o0y0MntfrFYyrFFYZ2UuyK9O57cvqhxjgCF5+LM0KIdogDsljf02xQI8Lj/DQvG2cWJRGU4ua9kdO5imKaZs9GXmvyiaOCfnIfvV9XT3xMU3ThLkt7r+z/InQtGorylYiCN3jHu5Xxy9nKX4WEZi3le/0wVzZlyj1APncDWpmfj2Ao44CyEXzQY1h1GF84Itkv8S6odCFIstRpDp38ViPf7Ooax+uB46qxbBpucxf9R6EbslH8oPCbat8jaD18UE9a+xa9BS2AtYGFN/pL6YTaV11DhzYY1K9onUxKIeCWSGZ0gITsBx2Js7QLKc5HdbXUu/W21CxhyJBvHJbZ5xtscs1s= sasa@DESKTOP-FBHK72H\r\n",
                "username": "test-user"
              }
            ],
            "admin_username": "test-user",
            "allow_extension_operations": true,
            "availability_set_id": "",
            "boot_diagnostics": [],
            "bypass_platform_safety_checks_on_user_schedule_enabled": false,
            "capacity_reservation_group_id": "",
            "computer_name": "test-control-vm-01",
            "custom_data": "IyEvYmluL3N1ZG8gYmFzaA0KIw0KIyBDb21tb24gc2V0dXAgZm9yIGFsbCBzZXJ2ZXJzIChDb250cm9sIFBsYW5lIGFuZCBOb2RlcykNCg0Kc2V0IC1ldXhvIHBpcGVmYWlsDQoNCiMgVmFyaWFibGUgRGVjbGFyYXRpb24NCg0KS1VCRVJORVRFU19WRVJTSU9OPSIxLjI4LjEtMDAiDQoNCiMgZGlzYWJsZSBzd2FwDQpzdWRvIHN3YXBvZmYgLWENCg0KIyBrZWVwcyB0aGUgc3dhZiBvZmYgZHVyaW5nIHJlYm9vdA0KKGNyb250YWIgLWwgMj4vZGV2L251bGw7IGVjaG8gIkByZWJvb3QgL3NiaW4vc3dhcG9mZiAtYSIpIHwgY3JvbnRhYiAtIHx8IHRydWUNCnN1ZG8gYXB0LWdldCB1cGRhdGUgLXkNCg0KDQoNCnN1ZG8gdGVlIC9ldGMvbW9kdWxlcy1sb2FkLmQvY29udGFpbmVyZC5jb25mIDw8RU9GDQpvdmVybGF5DQpicl9uZXRmaWx0ZXINCkVPRg0KDQogc3VkbyBtb2Rwcm9iZSBvdmVybGF5DQogc3VkbyBtb2Rwcm9iZSBicl9uZXRmaWx0ZXINCg0KDQpzdWRvIGJhc2ggLWMgJ3N1ZG8gdGVlIC9ldGMvc3lzY3RsLmQva3ViZXJuZXRlcy5jb25mPDxFT0YNCm5ldC5icmlkZ2UuYnJpZGdlLW5mLWNhbGwtaXA2dGFibGVzID0gMQ0KbmV0LmJyaWRnZS5icmlkZ2UtbmYtY2FsbC1pcHRhYmxlcyA9IDENCm5ldC5pcHY0LmlwX2ZvcndhcmQgPSAxDQpFT0YnDQoNCnN1ZG8gIHN5c2N0bCAt4oCTc3lzdGVtDQoNCnN1ZG8gY3VybCAtZnNTTCBodHRwczovL2Rvd25sb2FkLmRvY2tlci5jb20vbGludXgvdWJ1bnR1L2dwZyB8IHN1ZG8gYXB0LWtleSBhZGQgLQ0Kc3VkbyBhZGQtYXB0LXJlcG9zaXRvcnkgLXkgImRlYiBbYXJjaD1hbWQ2NF0gaHR0cHM6Ly9kb3dubG9hZC5kb2NrZXIuY29tL2xpbnV4L3VidW50dSAkKGxzYl9yZWxlYXNlIC1jcykgc3RhYmxlIg0KDQoNCg0Kc3VkbyBhcHQgdXBkYXRlIC15DQpzdWRvIGFwdCBpbnN0YWxsIGNvbnRhaW5lcmQuaW8gLXkNCg0KDQpzdWRvIG1rZGlyIC1wIC9ldGMvY29udGFpbmVyZA0Kc3VkbyBjb250YWluZXJkIGNvbmZpZyBkZWZhdWx0IHwgc3VkbyB0ZWUgL2V0Yy9jb250YWluZXJkL2NvbmZpZy50b21sDQpzdWRvIHNlZCAtZSAncy9TeXN0ZW1kQ2dyb3VwID0gZmFsc2UvU3lzdGVtZENncm91cCA9IHRydWUvZycgLWkgL2V0Yy9jb250YWluZXJkL2NvbmZpZy50b21sDQoNCnN1ZG8gc3lzdGVtY3RsIGRhZW1vbi1yZWxvYWQNCg0Kc3VkbyBzeXN0ZW1jdGwgcmVzdGFydCBjb250YWluZXJkDQpzdWRvIHN5c3RlbWN0bCBlbmFibGUgY29udGFpbmVyZA0KDQojIEluc3RhbGwga3ViZWxldCwga3ViZWN0bCBhbmQgS3ViZWFkbQ0KDQpzdWRvIGFwdC1nZXQgdXBkYXRlIC15DQpzdWRvIGFwdC1nZXQgaW5zdGFsbCAteSBhcHQtdHJhbnNwb3J0LWh0dHBzIGNhLWNlcnRpZmljYXRlcyBjdXJsDQpzdWRvIGN1cmwgLWZzU0xvIC91c3Ivc2hhcmUva2V5cmluZ3Mva3ViZXJuZXRlcy1hcmNoaXZlLWtleXJpbmcuZ3BnIGh0dHBzOi8vZGwuazhzLmlvL2FwdC9kb2MvYXB0LWtleS5ncGcNCg0KZWNobyAiZGViIFtzaWduZWQtYnk9L3Vzci9zaGFyZS9rZXlyaW5ncy9rdWJlcm5ldGVzLWFyY2hpdmUta2V5cmluZy5ncGddIGh0dHBzOi8vYXB0Lmt1YmVybmV0ZXMuaW8vIGt1YmVybmV0ZXMteGVuaWFsIG1haW4iIHwgc3VkbyB0ZWUgL2V0Yy9hcHQvc291cmNlcy5saXN0LmQva3ViZXJuZXRlcy5saXN0DQpzdWRvIGFwdC1nZXQgdXBkYXRlIC15DQpzdWRvIGFwdC1nZXQgaW5zdGFsbCAteSBrdWJlbGV0PSIkS1VCRVJORVRFU19WRVJTSU9OIiBrdWJlY3RsPSIkS1VCRVJORVRFU19WRVJTSU9OIiBrdWJlYWRtPSIkS1VCRVJORVRFU19WRVJTSU9OIg0Kc3VkbyBhcHQtZ2V0IHVwZGF0ZSAteQ0Kc3VkbyBhcHQtZ2V0IGluc3RhbGwgLXkganENCg0KbG9jYWxfaXA9IiQoaXAgLS1qc29uIGFkZHIgc2hvdyBldGgwIHwganEgLXIgJy5bMF0uYWRkcl9pbmZvW10gfCBzZWxlY3QoLmZhbWlseSA9PSAiaW5ldCIpIHwgLmxvY2FsJykiDQpzdWRvIGJhc2ggLWMgJ3RlZSAvZXRjL2RlZmF1bHQva3ViZWxldCA8PCBFT0YNCktVQkVMRVRfRVhUUkFfQVJHUz0tLW5vZGUtaXA9JGxvY2FsX2lwDQpFT0YnDQoNCg0KDQoNCg0Kc2V0IC1ldXhvIHBpcGVmYWlsDQoNCiMgSWYgeW91IG5lZWQgcHVibGljIGFjY2VzcyB0byBBUEkgc2VydmVyIHVzaW5nIHRoZSBzZXJ2ZXJzIFB1YmxpYyBJUCBhZHJlc3MsIGNoYW5nZSBQVUJMSUNfSVBfQUNDRVNTIHRvIHRydWUuDQoNClBVQkxJQ19JUF9BQ0NFU1M9InRydWUiDQpOT0RFTkFNRT0kKGhvc3RuYW1lIC1zKQ0KUE9EX0NJRFI9IjE5Mi4xNjguMC4wLzE2Ig0KDQojIFB1bGwgcmVxdWlyZWQgaW1hZ2VzDQoNCnN1ZG8ga3ViZWFkbSBjb25maWcgaW1hZ2VzIHB1bGwNCg0KIyBJbml0aWFsaXplIGt1YmVhZG0gYmFzZWQgb24gUFVCTElDX0lQX0FDQ0VTUw0KDQppZiBbWyAiJFBVQkxJQ19JUF9BQ0NFU1MiID09ICJmYWxzZSIgXV07IHRoZW4NCiAgICANCiAgICBNQVNURVJfUFJJVkFURV9JUD0kKGlwIGFkZHIgc2hvdyBldGgwIHwgYXdrICcvaW5ldCAvIHtwcmludCAkMn0nIHwgY3V0IC1kLyAtZjEpDQogICAgc3VkbyBrdWJlYWRtIGluaXQgLS1hcGlzZXJ2ZXItYWR2ZXJ0aXNlLWFkZHJlc3M9IiRNQVNURVJfUFJJVkFURV9JUCIgLS1hcGlzZXJ2ZXItY2VydC1leHRyYS1zYW5zPSIkTUFTVEVSX1BSSVZBVEVfSVAiIC0tcG9kLW5ldHdvcmstY2lkcj0iJFBPRF9DSURSIiAtLW5vZGUtbmFtZSAiJE5PREVOQU1FIiAtLWlnbm9yZS1wcmVmbGlnaHQtZXJyb3JzIFN3YXANCg0KZWxpZiBbWyAiJFBVQkxJQ19JUF9BQ0NFU1MiID09ICJ0cnVlIiBdXTsgdGhlbg0KDQogICAgTUFTVEVSX1BVQkxJQ19JUD0kKGN1cmwgaWZjb25maWcubWUgJiYgZWNobyAiIikNCg0KICAgIHN1ZG8gc3lzY3RsIG5ldC5pcHY0LmlwX2ZvcndhcmQ9MQ0KDQogICAgc3VkbyBrdWJlYWRtIGluaXQgLS1jb250cm9sLXBsYW5lLWVuZHBvaW50PSIkTUFTVEVSX1BVQkxJQ19JUCIgLS1hcGlzZXJ2ZXItY2VydC1leHRyYS1zYW5zPSIkTUFTVEVSX1BVQkxJQ19JUCIgLS1wb2QtbmV0d29yay1jaWRyPSIkUE9EX0NJRFIiIC0tbm9kZS1uYW1lICIkTk9ERU5BTUUiIC0taWdub3JlLXByZWZsaWdodC1lcnJvcnMgU3dhcA0KDQplbHNlDQogICAgZWNobyAiRXJyb3I6IE1BU1RFUl9QVUJMSUNfSVAgaGFzIGFuIGludmFsaWQgdmFsdWU6ICRQVUJMSUNfSVBfQUNDRVNTIg0KICAgIGV4aXQgMQ0KZmkNCg0KIyBDb25maWd1cmUga3ViZWNvbmZpZw0KDQpta2RpciAtcCAiJEhPTUUiLy5rdWJlDQpzdWRvIGNwIC1pIC9ldGMva3ViZXJuZXRlcy9hZG1pbi5jb25mICIkSE9NRSIvLmt1YmUvY29uZmlnDQpzdWRvIGNob3duICIkKGlkIC11KSI6IiQoaWQgLWcpIiAiJEhPTUUiLy5rdWJlL2NvbmZpZw0KDQojIEluc3RhbGwgQ2xhaWNvIE5ldHdvcmsgUGx1Z2luIE5ldHdvcmsgDQoNCmt1YmVjdGwgY3JlYXRlIC1mIGh0dHBzOi8vcmF3LmdpdGh1YnVzZXJjb250ZW50LmNvbS9wcm9qZWN0Y2FsaWNvL2NhbGljby92My4yNi4xL21hbmlmZXN0cy90aWdlcmEtb3BlcmF0b3IueWFtbA0KDQpjdXJsIGh0dHBzOi8vcmF3LmdpdGh1YnVzZXJjb250ZW50LmNvbS9wcm9qZWN0Y2FsaWNvL2NhbGljby92My4yNi4xL21hbmlmZXN0cy9jdXN0b20tcmVzb3VyY2VzLnlhbWwgLU8NCg0KcGluZyA4LjguOC44DQoNCmt1YmVjdGwgY3JlYXRlIC1mIGN1c3RvbS1yZXNvdXJjZXMueWFtbA0KDQoNCg==",
            "dedicated_host_group_id": "",
            "dedicated_host_id": "",
            "disable_password_authentication": true,
            "edge_zone": "",
            "encryption_at_host_enabled": false,
            "eviction_policy": "",
            "extensions_time_budget": "PT1H30M",
            "gallery_application": [],
            "id": "/subscriptions/4cfc7b54-c1c5-4ab5-ac41-ce0b11aeecfd/resourceGroups/test-group/providers/Microsoft.Compute/virtualMachines/test-control-vm-01",
            "identity": [],
            "license_type": "",
            "location": "eastus",
            "max_bid_price": -1,
            "name": "test-control-vm-01",
            "network_interface_ids": [
              "/subscriptions/4cfc7b54-c1c5-4ab5-ac41-ce0b11aeecfd/resourceGroups/test-group/providers/Microsoft.Network/networkInterfaces/nic-control-01"
            ],
            "os_disk": [
              {
                "caching": "ReadWrite",
                "diff_disk_settings": [],
                "disk_encryption_set_id": "",
                "disk_size_gb": 30,
                "name": "test-control-vm-01_disk1_1af3ae9deabe4cfb92e4f4b9eb54a9e4",
                "secure_vm_disk_encryption_set_id": "",
                "security_encryption_type": "",
                "storage_account_type": "Standard_LRS",
                "write_accelerator_enabled": false
              }
            ],
            "patch_assessment_mode": "ImageDefault",
            "patch_mode": "ImageDefault",
            "plan": [],
            "platform_fault_domain": -1,
            "priority": "Regular",
            "private_ip_address": "10.0.1.4",
            "private_ip_addresses": [
              "10.0.1.4"
            ],
            "provision_vm_agent": true,
            "proximity_placement_group_id": "",
            "public_ip_address": "20.25.99.110",
            "public_ip_addresses": [
              "20.25.99.110"
            ],
            "reboot_setting": "",
            "resource_group_name": "test-group",
            "secret": [],
            "secure_boot_enabled": false,
            "size": "Standard_B2s",
            "source_image_id": "",
            "source_image_reference": [
              {
                "offer": "0001-com-ubuntu-server-jammy",
                "publisher": "Canonical",
                "sku": "22_04-lts-gen2",
                "version": "latest"
              }
            ],
            "tags": null,
            "termination_notification": null,
            "timeouts": null,
            "user_data": "",
            "virtual_machine_id": "f6b8658d-48fe-4415-9b8a-30c09db621cd",
            "virtual_machine_scale_set_id": "",
            "vtpm_enabled": false,
            "zone": ""
          },
          "sensitive_attributes": [],
          "private": "eyJlMmJmYjczMC1lY2FhLTExZTYtOGY4OC0zNDM2M2JjN2M0YzAiOnsiY3JlYXRlIjoyNzAwMDAwMDAwMDAwLCJkZWxldGUiOjI3MDAwMDAwMDAwMDAsInJlYWQiOjMwMDAwMDAwMDAwMCwidXBkYXRlIjoyNzAwMDAwMDAwMDAwfX0=",
          "dependencies": [
            "azurerm_network_interface.nic-control-01",
            "azurerm_public_ip.test-ip-control-01",
            "azurerm_resource_group.test-group",
            "azurerm_subnet.test-subnet-01",
            "azurerm_virtual_network.test-virtual-net"
          ]
        }
      ]
    },
    {
      "mode": "managed",
      "type": "azurerm_linux_virtual_machine",
      "name": "test-worker-vm-01",
      "provider": "provider[\"registry.terraform.io/hashicorp/azurerm\"]",
      "instances": [
        {
          "schema_version": 0,
          "attributes": {
            "additional_capabilities": [],
            "admin_password": null,
            "admin_ssh_key": [
              {
                "public_key": "ssh-rsa AAAAB3NzaC1yc2EAAAADAQABAAABgQDHpyvnJR7HR8OoZ6yvtLF/Ezp9M3WpaDCKU/jR06K4u1yYCMOG+o7PsSbya/PBfHPOL2+++dhbgK9zwSYbbBF9vWnPhM9CIcBkGtB1eWGgsNXy9Fw4mzj5UYpUeziGPfjD7vtp0EmdQtUatj9WoXZiY0PTCUEQanO3b2UE/o0y0MntfrFYyrFFYZ2UuyK9O57cvqhxjgCF5+LM0KIdogDsljf02xQI8Lj/DQvG2cWJRGU4ua9kdO5imKaZs9GXmvyiaOCfnIfvV9XT3xMU3ThLkt7r+z/InQtGorylYiCN3jHu5Xxy9nKX4WEZi3le/0wVzZlyj1APncDWpmfj2Ao44CyEXzQY1h1GF84Itkv8S6odCFIstRpDp38ViPf7Ooax+uB46qxbBpucxf9R6EbslH8oPCbat8jaD18UE9a+xa9BS2AtYGFN/pL6YTaV11DhzYY1K9onUxKIeCWSGZ0gITsBx2Js7QLKc5HdbXUu/W21CxhyJBvHJbZ5xtscs1s= sasa@DESKTOP-FBHK72H\r\n",
                "username": "test-user"
              }
            ],
            "admin_username": "test-user",
            "allow_extension_operations": true,
            "availability_set_id": "/subscriptions/4cfc7b54-c1c5-4ab5-ac41-ce0b11aeecfd/resourceGroups/test-group/providers/Microsoft.Compute/availabilitySets/WORKER-SET",
            "boot_diagnostics": [],
            "bypass_platform_safety_checks_on_user_schedule_enabled": false,
            "capacity_reservation_group_id": "",
            "computer_name": "test-worker-vm-01",
            "custom_data": null,
            "dedicated_host_group_id": "",
            "dedicated_host_id": "",
            "disable_password_authentication": true,
            "edge_zone": "",
            "encryption_at_host_enabled": false,
            "eviction_policy": "",
            "extensions_time_budget": "PT1H30M",
            "gallery_application": [],
            "id": "/subscriptions/4cfc7b54-c1c5-4ab5-ac41-ce0b11aeecfd/resourceGroups/test-group/providers/Microsoft.Compute/virtualMachines/test-worker-vm-01",
            "identity": [],
            "license_type": "",
            "location": "eastus",
            "max_bid_price": -1,
            "name": "test-worker-vm-01",
            "network_interface_ids": [
              "/subscriptions/4cfc7b54-c1c5-4ab5-ac41-ce0b11aeecfd/resourceGroups/test-group/providers/Microsoft.Network/networkInterfaces/nic-worker-01"
            ],
            "os_disk": [
              {
                "caching": "ReadWrite",
                "diff_disk_settings": [],
                "disk_encryption_set_id": "",
                "disk_size_gb": 30,
                "name": "test-worker-vm-01_OsDisk_1_d7594c98f7ec4c81be2fe316c7f2815a",
                "secure_vm_disk_encryption_set_id": "",
                "security_encryption_type": "",
                "storage_account_type": "Standard_LRS",
                "write_accelerator_enabled": false
              }
            ],
            "patch_assessment_mode": "ImageDefault",
            "patch_mode": "ImageDefault",
            "plan": [],
            "platform_fault_domain": -1,
            "priority": "Regular",
            "private_ip_address": "10.0.1.5",
            "private_ip_addresses": [
              "10.0.1.5"
            ],
            "provision_vm_agent": true,
            "proximity_placement_group_id": "",
            "public_ip_address": "172.191.46.145",
            "public_ip_addresses": [
              "172.191.46.145"
            ],
            "reboot_setting": "",
            "resource_group_name": "test-group",
            "secret": [],
            "secure_boot_enabled": false,
            "size": "Standard_B2s",
            "source_image_id": "",
            "source_image_reference": [
              {
                "offer": "0001-com-ubuntu-server-jammy",
                "publisher": "Canonical",
                "sku": "22_04-lts-gen2",
                "version": "latest"
              }
            ],
            "tags": null,
            "termination_notification": null,
            "timeouts": null,
            "user_data": "",
            "virtual_machine_id": "7ba56e7f-9644-4fc0-94d3-168e70f67e14",
            "virtual_machine_scale_set_id": "",
            "vtpm_enabled": false,
            "zone": ""
          },
          "sensitive_attributes": [],
          "private": "eyJlMmJmYjczMC1lY2FhLTExZTYtOGY4OC0zNDM2M2JjN2M0YzAiOnsiY3JlYXRlIjoyNzAwMDAwMDAwMDAwLCJkZWxldGUiOjI3MDAwMDAwMDAwMDAsInJlYWQiOjMwMDAwMDAwMDAwMCwidXBkYXRlIjoyNzAwMDAwMDAwMDAwfX0=",
          "dependencies": [
            "azurerm_availability_set.worker-set",
            "azurerm_network_interface.nic-worker-01",
            "azurerm_public_ip.test-ip-worker-01",
            "azurerm_resource_group.test-group",
            "azurerm_subnet.test-subnet-01",
            "azurerm_virtual_network.test-virtual-net"
          ]
        }
      ]
    },
    {
      "mode": "managed",
      "type": "azurerm_network_interface",
      "name": "nic-control-01",
      "provider": "provider[\"registry.terraform.io/hashicorp/azurerm\"]",
      "instances": [
        {
          "schema_version": 0,
          "attributes": {
            "applied_dns_servers": [],
            "auxiliary_mode": "",
            "auxiliary_sku": "",
            "dns_servers": [],
            "edge_zone": "",
            "enable_accelerated_networking": false,
            "enable_ip_forwarding": false,
            "id": "/subscriptions/4cfc7b54-c1c5-4ab5-ac41-ce0b11aeecfd/resourceGroups/test-group/providers/Microsoft.Network/networkInterfaces/nic-control-01",
            "internal_dns_name_label": "",
            "internal_domain_name_suffix": "c5txu213ivauppq1tralft1ukc.bx.internal.cloudapp.net",
            "ip_configuration": [
              {
                "gateway_load_balancer_frontend_ip_configuration_id": "",
                "name": "internal",
                "primary": true,
                "private_ip_address": "10.0.1.4",
                "private_ip_address_allocation": "Dynamic",
                "private_ip_address_version": "IPv4",
                "public_ip_address_id": "/subscriptions/4cfc7b54-c1c5-4ab5-ac41-ce0b11aeecfd/resourceGroups/test-group/providers/Microsoft.Network/publicIPAddresses/test-ip-control-01",
                "subnet_id": "/subscriptions/4cfc7b54-c1c5-4ab5-ac41-ce0b11aeecfd/resourceGroups/test-group/providers/Microsoft.Network/virtualNetworks/test-vertual-net/subnets/test-subnet-01"
              }
            ],
            "location": "eastus",
            "mac_address": "",
            "name": "nic-control-01",
            "private_ip_address": "10.0.1.4",
            "private_ip_addresses": [
              "10.0.1.4"
            ],
            "resource_group_name": "test-group",
            "tags": {
              "environment": "test-demo"
            },
            "timeouts": null,
            "virtual_machine_id": ""
          },
          "sensitive_attributes": [],
          "private": "eyJlMmJmYjczMC1lY2FhLTExZTYtOGY4OC0zNDM2M2JjN2M0YzAiOnsiY3JlYXRlIjoxODAwMDAwMDAwMDAwLCJkZWxldGUiOjE4MDAwMDAwMDAwMDAsInJlYWQiOjMwMDAwMDAwMDAwMCwidXBkYXRlIjoxODAwMDAwMDAwMDAwfX0=",
          "dependencies": [
            "azurerm_public_ip.test-ip-control-01",
            "azurerm_resource_group.test-group",
            "azurerm_subnet.test-subnet-01",
            "azurerm_virtual_network.test-virtual-net"
          ]
        }
      ]
    },
    {
      "mode": "managed",
      "type": "azurerm_network_interface",
      "name": "nic-worker-01",
      "provider": "provider[\"registry.terraform.io/hashicorp/azurerm\"]",
      "instances": [
        {
          "schema_version": 0,
          "attributes": {
            "applied_dns_servers": [],
            "auxiliary_mode": "",
            "auxiliary_sku": "",
            "dns_servers": [],
            "edge_zone": "",
            "enable_accelerated_networking": false,
            "enable_ip_forwarding": false,
            "id": "/subscriptions/4cfc7b54-c1c5-4ab5-ac41-ce0b11aeecfd/resourceGroups/test-group/providers/Microsoft.Network/networkInterfaces/nic-worker-01",
            "internal_dns_name_label": "",
            "internal_domain_name_suffix": "c5txu213ivauppq1tralft1ukc.bx.internal.cloudapp.net",
            "ip_configuration": [
              {
                "gateway_load_balancer_frontend_ip_configuration_id": "",
                "name": "internal",
                "primary": true,
                "private_ip_address": "10.0.1.5",
                "private_ip_address_allocation": "Dynamic",
                "private_ip_address_version": "IPv4",
                "public_ip_address_id": "/subscriptions/4cfc7b54-c1c5-4ab5-ac41-ce0b11aeecfd/resourceGroups/test-group/providers/Microsoft.Network/publicIPAddresses/test-ip-worker-01",
                "subnet_id": "/subscriptions/4cfc7b54-c1c5-4ab5-ac41-ce0b11aeecfd/resourceGroups/test-group/providers/Microsoft.Network/virtualNetworks/test-vertual-net/subnets/test-subnet-01"
              }
            ],
            "location": "eastus",
            "mac_address": "",
            "name": "nic-worker-01",
            "private_ip_address": "10.0.1.5",
            "private_ip_addresses": [
              "10.0.1.5"
            ],
            "resource_group_name": "test-group",
            "tags": {
              "environment": "test-demo"
            },
            "timeouts": null,
            "virtual_machine_id": ""
          },
          "sensitive_attributes": [],
          "private": "eyJlMmJmYjczMC1lY2FhLTExZTYtOGY4OC0zNDM2M2JjN2M0YzAiOnsiY3JlYXRlIjoxODAwMDAwMDAwMDAwLCJkZWxldGUiOjE4MDAwMDAwMDAwMDAsInJlYWQiOjMwMDAwMDAwMDAwMCwidXBkYXRlIjoxODAwMDAwMDAwMDAwfX0=",
          "dependencies": [
            "azurerm_public_ip.test-ip-worker-01",
            "azurerm_resource_group.test-group",
            "azurerm_subnet.test-subnet-01",
            "azurerm_virtual_network.test-virtual-net"
          ]
        }
      ]
    },
    {
      "mode": "managed",
      "type": "azurerm_network_security_group",
      "name": "test-control-sg-01",
      "provider": "provider[\"registry.terraform.io/hashicorp/azurerm\"]",
      "instances": [
        {
          "schema_version": 0,
          "attributes": {
            "id": "/subscriptions/4cfc7b54-c1c5-4ab5-ac41-ce0b11aeecfd/resourceGroups/test-group/providers/Microsoft.Network/networkSecurityGroups/test-control-sg-01",
            "location": "eastus",
            "name": "test-control-sg-01",
            "resource_group_name": "test-group",
            "security_rule": [],
            "tags": {
              "environment": "test-demo"
            },
            "timeouts": null
          },
          "sensitive_attributes": [],
          "private": "eyJlMmJmYjczMC1lY2FhLTExZTYtOGY4OC0zNDM2M2JjN2M0YzAiOnsiY3JlYXRlIjoxODAwMDAwMDAwMDAwLCJkZWxldGUiOjE4MDAwMDAwMDAwMDAsInJlYWQiOjMwMDAwMDAwMDAwMCwidXBkYXRlIjoxODAwMDAwMDAwMDAwfX0=",
          "dependencies": [
            "azurerm_resource_group.test-group"
          ]
        }
      ]
    },
    {
      "mode": "managed",
      "type": "azurerm_network_security_rule",
      "name": "rule-01",
      "provider": "provider[\"registry.terraform.io/hashicorp/azurerm\"]",
      "instances": [
        {
          "schema_version": 0,
          "attributes": {
            "access": "Allow",
            "description": "",
            "destination_address_prefix": "*",
            "destination_address_prefixes": null,
            "destination_application_security_group_ids": null,
            "destination_port_range": "6443",
            "destination_port_ranges": null,
            "direction": "Inbound",
            "id": "/subscriptions/4cfc7b54-c1c5-4ab5-ac41-ce0b11aeecfd/resourceGroups/test-group/providers/Microsoft.Network/networkSecurityGroups/test-control-sg-01/securityRules/AllowInboundTCP6443",
            "name": "AllowInboundTCP6443",
            "network_security_group_name": "test-control-sg-01",
            "priority": 100,
            "protocol": "Tcp",
            "resource_group_name": "test-group",
            "source_address_prefix": "*",
            "source_address_prefixes": null,
            "source_application_security_group_ids": null,
            "source_port_range": "*",
            "source_port_ranges": null,
            "timeouts": null
          },
          "sensitive_attributes": [],
          "private": "eyJlMmJmYjczMC1lY2FhLTExZTYtOGY4OC0zNDM2M2JjN2M0YzAiOnsiY3JlYXRlIjoxODAwMDAwMDAwMDAwLCJkZWxldGUiOjE4MDAwMDAwMDAwMDAsInJlYWQiOjMwMDAwMDAwMDAwMCwidXBkYXRlIjoxODAwMDAwMDAwMDAwfX0=",
          "dependencies": [
            "azurerm_network_security_group.test-control-sg-01",
            "azurerm_resource_group.test-group"
          ]
        }
      ]
    },
    {
      "mode": "managed",
      "type": "azurerm_network_security_rule",
      "name": "rule-02",
      "provider": "provider[\"registry.terraform.io/hashicorp/azurerm\"]",
      "instances": [
        {
          "schema_version": 0,
          "attributes": {
            "access": "Allow",
            "description": "",
            "destination_address_prefix": "*",
            "destination_address_prefixes": null,
            "destination_application_security_group_ids": null,
            "destination_port_range": "2379-2380",
            "destination_port_ranges": null,
            "direction": "Inbound",
            "id": "/subscriptions/4cfc7b54-c1c5-4ab5-ac41-ce0b11aeecfd/resourceGroups/test-group/providers/Microsoft.Network/networkSecurityGroups/test-control-sg-01/securityRules/AllowInboundTCP2379-2380",
            "name": "AllowInboundTCP2379-2380",
            "network_security_group_name": "test-control-sg-01",
            "priority": 101,
            "protocol": "Tcp",
            "resource_group_name": "test-group",
            "source_address_prefix": "*",
            "source_address_prefixes": null,
            "source_application_security_group_ids": null,
            "source_port_range": "*",
            "source_port_ranges": null,
            "timeouts": null
          },
          "sensitive_attributes": [],
          "private": "eyJlMmJmYjczMC1lY2FhLTExZTYtOGY4OC0zNDM2M2JjN2M0YzAiOnsiY3JlYXRlIjoxODAwMDAwMDAwMDAwLCJkZWxldGUiOjE4MDAwMDAwMDAwMDAsInJlYWQiOjMwMDAwMDAwMDAwMCwidXBkYXRlIjoxODAwMDAwMDAwMDAwfX0=",
          "dependencies": [
            "azurerm_network_security_group.test-control-sg-01",
            "azurerm_resource_group.test-group"
          ]
        }
      ]
    },
    {
      "mode": "managed",
      "type": "azurerm_network_security_rule",
      "name": "rule-03",
      "provider": "provider[\"registry.terraform.io/hashicorp/azurerm\"]",
      "instances": [
        {
          "schema_version": 0,
          "attributes": {
            "access": "Allow",
            "description": "",
            "destination_address_prefix": "*",
            "destination_address_prefixes": null,
            "destination_application_security_group_ids": null,
            "destination_port_range": "10250",
            "destination_port_ranges": null,
            "direction": "Inbound",
            "id": "/subscriptions/4cfc7b54-c1c5-4ab5-ac41-ce0b11aeecfd/resourceGroups/test-group/providers/Microsoft.Network/networkSecurityGroups/test-control-sg-01/securityRules/AllowInboundTCP10250",
            "name": "AllowInboundTCP10250",
            "network_security_group_name": "test-control-sg-01",
            "priority": 102,
            "protocol": "Tcp",
            "resource_group_name": "test-group",
            "source_address_prefix": "*",
            "source_address_prefixes": null,
            "source_application_security_group_ids": null,
            "source_port_range": "*",
            "source_port_ranges": null,
            "timeouts": null
          },
          "sensitive_attributes": [],
          "private": "eyJlMmJmYjczMC1lY2FhLTExZTYtOGY4OC0zNDM2M2JjN2M0YzAiOnsiY3JlYXRlIjoxODAwMDAwMDAwMDAwLCJkZWxldGUiOjE4MDAwMDAwMDAwMDAsInJlYWQiOjMwMDAwMDAwMDAwMCwidXBkYXRlIjoxODAwMDAwMDAwMDAwfX0=",
          "dependencies": [
            "azurerm_network_security_group.test-control-sg-01",
            "azurerm_resource_group.test-group"
          ]
        }
      ]
    },
    {
      "mode": "managed",
      "type": "azurerm_network_security_rule",
      "name": "rule-04",
      "provider": "provider[\"registry.terraform.io/hashicorp/azurerm\"]",
      "instances": [
        {
          "schema_version": 0,
          "attributes": {
            "access": "Allow",
            "description": "",
            "destination_address_prefix": "*",
            "destination_address_prefixes": null,
            "destination_application_security_group_ids": null,
            "destination_port_range": "10259",
            "destination_port_ranges": null,
            "direction": "Inbound",
            "id": "/subscriptions/4cfc7b54-c1c5-4ab5-ac41-ce0b11aeecfd/resourceGroups/test-group/providers/Microsoft.Network/networkSecurityGroups/test-control-sg-01/securityRules/AllowInboundTCP10259",
            "name": "AllowInboundTCP10259",
            "network_security_group_name": "test-control-sg-01",
            "priority": 103,
            "protocol": "Tcp",
            "resource_group_name": "test-group",
            "source_address_prefix": "*",
            "source_address_prefixes": null,
            "source_application_security_group_ids": null,
            "source_port_range": "*",
            "source_port_ranges": null,
            "timeouts": null
          },
          "sensitive_attributes": [],
          "private": "eyJlMmJmYjczMC1lY2FhLTExZTYtOGY4OC0zNDM2M2JjN2M0YzAiOnsiY3JlYXRlIjoxODAwMDAwMDAwMDAwLCJkZWxldGUiOjE4MDAwMDAwMDAwMDAsInJlYWQiOjMwMDAwMDAwMDAwMCwidXBkYXRlIjoxODAwMDAwMDAwMDAwfX0=",
          "dependencies": [
            "azurerm_network_security_group.test-control-sg-01",
            "azurerm_resource_group.test-group"
          ]
        }
      ]
    },
    {
      "mode": "managed",
      "type": "azurerm_network_security_rule",
      "name": "rule-05",
      "provider": "provider[\"registry.terraform.io/hashicorp/azurerm\"]",
      "instances": [
        {
          "schema_version": 0,
          "attributes": {
            "access": "Allow",
            "description": "",
            "destination_address_prefix": "*",
            "destination_address_prefixes": null,
            "destination_application_security_group_ids": null,
            "destination_port_range": "10257",
            "destination_port_ranges": null,
            "direction": "Inbound",
            "id": "/subscriptions/4cfc7b54-c1c5-4ab5-ac41-ce0b11aeecfd/resourceGroups/test-group/providers/Microsoft.Network/networkSecurityGroups/test-control-sg-01/securityRules/AllowInboundTCP10257",
            "name": "AllowInboundTCP10257",
            "network_security_group_name": "test-control-sg-01",
            "priority": 104,
            "protocol": "Tcp",
            "resource_group_name": "test-group",
            "source_address_prefix": "*",
            "source_address_prefixes": null,
            "source_application_security_group_ids": null,
            "source_port_range": "*",
            "source_port_ranges": null,
            "timeouts": null
          },
          "sensitive_attributes": [],
          "private": "eyJlMmJmYjczMC1lY2FhLTExZTYtOGY4OC0zNDM2M2JjN2M0YzAiOnsiY3JlYXRlIjoxODAwMDAwMDAwMDAwLCJkZWxldGUiOjE4MDAwMDAwMDAwMDAsInJlYWQiOjMwMDAwMDAwMDAwMCwidXBkYXRlIjoxODAwMDAwMDAwMDAwfX0=",
          "dependencies": [
            "azurerm_network_security_group.test-control-sg-01",
            "azurerm_resource_group.test-group"
          ]
        }
      ]
    },
    {
      "mode": "managed",
      "type": "azurerm_network_security_rule",
      "name": "rule-06",
      "provider": "provider[\"registry.terraform.io/hashicorp/azurerm\"]",
      "instances": [
        {
          "schema_version": 0,
          "attributes": {
            "access": "Allow",
            "description": "",
            "destination_address_prefix": "*",
            "destination_address_prefixes": null,
            "destination_application_security_group_ids": null,
            "destination_port_range": "3000-32767",
            "destination_port_ranges": null,
            "direction": "Inbound",
            "id": "/subscriptions/4cfc7b54-c1c5-4ab5-ac41-ce0b11aeecfd/resourceGroups/test-group/providers/Microsoft.Network/networkSecurityGroups/test-control-sg-01/securityRules/AllowInboundTCP3000-32767",
            "name": "AllowInboundTCP3000-32767",
            "network_security_group_name": "test-control-sg-01",
            "priority": 105,
            "protocol": "Tcp",
            "resource_group_name": "test-group",
            "source_address_prefix": "*",
            "source_address_prefixes": null,
            "source_application_security_group_ids": null,
            "source_port_range": "*",
            "source_port_ranges": null,
            "timeouts": null
          },
          "sensitive_attributes": [],
          "private": "eyJlMmJmYjczMC1lY2FhLTExZTYtOGY4OC0zNDM2M2JjN2M0YzAiOnsiY3JlYXRlIjoxODAwMDAwMDAwMDAwLCJkZWxldGUiOjE4MDAwMDAwMDAwMDAsInJlYWQiOjMwMDAwMDAwMDAwMCwidXBkYXRlIjoxODAwMDAwMDAwMDAwfX0=",
          "dependencies": [
            "azurerm_network_security_group.test-control-sg-01",
            "azurerm_resource_group.test-group"
          ]
        }
      ]
    },
    {
      "mode": "managed",
      "type": "azurerm_network_security_rule",
      "name": "rule-07",
      "provider": "provider[\"registry.terraform.io/hashicorp/azurerm\"]",
      "instances": [
        {
          "schema_version": 0,
          "attributes": {
            "access": "Allow",
            "description": "",
            "destination_address_prefix": "*",
            "destination_address_prefixes": null,
            "destination_application_security_group_ids": null,
            "destination_port_range": "22",
            "destination_port_ranges": null,
            "direction": "Inbound",
            "id": "/subscriptions/4cfc7b54-c1c5-4ab5-ac41-ce0b11aeecfd/resourceGroups/test-group/providers/Microsoft.Network/networkSecurityGroups/test-control-sg-01/securityRules/AllowInboundTCP22",
            "name": "AllowInboundTCP22",
            "network_security_group_name": "test-control-sg-01",
            "priority": 106,
            "protocol": "Tcp",
            "resource_group_name": "test-group",
            "source_address_prefix": "*",
            "source_address_prefixes": null,
            "source_application_security_group_ids": null,
            "source_port_range": "*",
            "source_port_ranges": null,
            "timeouts": null
          },
          "sensitive_attributes": [],
          "private": "eyJlMmJmYjczMC1lY2FhLTExZTYtOGY4OC0zNDM2M2JjN2M0YzAiOnsiY3JlYXRlIjoxODAwMDAwMDAwMDAwLCJkZWxldGUiOjE4MDAwMDAwMDAwMDAsInJlYWQiOjMwMDAwMDAwMDAwMCwidXBkYXRlIjoxODAwMDAwMDAwMDAwfX0=",
          "dependencies": [
            "azurerm_network_security_group.test-control-sg-01",
            "azurerm_resource_group.test-group"
          ]
        }
      ]
    },
    {
      "mode": "managed",
      "type": "azurerm_public_ip",
      "name": "test-ip-control-01",
      "provider": "provider[\"registry.terraform.io/hashicorp/azurerm\"]",
      "instances": [
        {
          "schema_version": 0,
          "attributes": {
            "allocation_method": "Dynamic",
            "ddos_protection_mode": "VirtualNetworkInherited",
            "ddos_protection_plan_id": null,
            "domain_name_label": null,
            "edge_zone": "",
            "fqdn": null,
            "id": "/subscriptions/4cfc7b54-c1c5-4ab5-ac41-ce0b11aeecfd/resourceGroups/test-group/providers/Microsoft.Network/publicIPAddresses/test-ip-control-01",
            "idle_timeout_in_minutes": 4,
            "ip_address": "",
            "ip_tags": null,
            "ip_version": "IPv4",
            "location": "eastus",
            "name": "test-ip-control-01",
            "public_ip_prefix_id": null,
            "resource_group_name": "test-group",
            "reverse_fqdn": null,
            "sku": "Basic",
            "sku_tier": "Regional",
            "tags": {
              "environment": "test-demo"
            },
            "timeouts": null,
            "zones": null
          },
          "sensitive_attributes": [],
          "private": "eyJlMmJmYjczMC1lY2FhLTExZTYtOGY4OC0zNDM2M2JjN2M0YzAiOnsiY3JlYXRlIjoxODAwMDAwMDAwMDAwLCJkZWxldGUiOjE4MDAwMDAwMDAwMDAsInJlYWQiOjMwMDAwMDAwMDAwMCwidXBkYXRlIjoxODAwMDAwMDAwMDAwfX0=",
          "dependencies": [
            "azurerm_resource_group.test-group"
          ]
        }
      ]
    },
    {
      "mode": "managed",
      "type": "azurerm_public_ip",
      "name": "test-ip-worker-01",
      "provider": "provider[\"registry.terraform.io/hashicorp/azurerm\"]",
      "instances": [
        {
          "schema_version": 0,
          "attributes": {
            "allocation_method": "Dynamic",
            "ddos_protection_mode": "VirtualNetworkInherited",
            "ddos_protection_plan_id": null,
            "domain_name_label": null,
            "edge_zone": "",
            "fqdn": null,
            "id": "/subscriptions/4cfc7b54-c1c5-4ab5-ac41-ce0b11aeecfd/resourceGroups/test-group/providers/Microsoft.Network/publicIPAddresses/test-ip-worker-01",
            "idle_timeout_in_minutes": 4,
            "ip_address": "",
            "ip_tags": null,
            "ip_version": "IPv4",
            "location": "eastus",
            "name": "test-ip-worker-01",
            "public_ip_prefix_id": null,
            "resource_group_name": "test-group",
            "reverse_fqdn": null,
            "sku": "Basic",
            "sku_tier": "Regional",
            "tags": {
              "environment": "test-demo"
            },
            "timeouts": null,
            "zones": null
          },
          "sensitive_attributes": [],
          "private": "eyJlMmJmYjczMC1lY2FhLTExZTYtOGY4OC0zNDM2M2JjN2M0YzAiOnsiY3JlYXRlIjoxODAwMDAwMDAwMDAwLCJkZWxldGUiOjE4MDAwMDAwMDAwMDAsInJlYWQiOjMwMDAwMDAwMDAwMCwidXBkYXRlIjoxODAwMDAwMDAwMDAwfX0=",
          "dependencies": [
            "azurerm_resource_group.test-group"
          ]
        }
      ]
    },
    {
      "mode": "managed",
      "type": "azurerm_resource_group",
      "name": "test-group",
      "provider": "provider[\"registry.terraform.io/hashicorp/azurerm\"]",
      "instances": [
        {
          "schema_version": 0,
          "attributes": {
            "id": "/subscriptions/4cfc7b54-c1c5-4ab5-ac41-ce0b11aeecfd/resourceGroups/test-group",
            "location": "eastus",
            "managed_by": "",
            "name": "test-group",
            "tags": {
              "environment": "test-demo"
            },
            "timeouts": null
          },
          "sensitive_attributes": [],
          "private": "eyJlMmJmYjczMC1lY2FhLTExZTYtOGY4OC0zNDM2M2JjN2M0YzAiOnsiY3JlYXRlIjo1NDAwMDAwMDAwMDAwLCJkZWxldGUiOjU0MDAwMDAwMDAwMDAsInJlYWQiOjMwMDAwMDAwMDAwMCwidXBkYXRlIjo1NDAwMDAwMDAwMDAwfX0="
        }
      ]
    },
    {
      "mode": "managed",
      "type": "azurerm_subnet",
      "name": "test-subnet-01",
      "provider": "provider[\"registry.terraform.io/hashicorp/azurerm\"]",
      "instances": [
        {
          "schema_version": 0,
          "attributes": {
            "address_prefixes": [
              "10.0.1.0/24"
            ],
            "delegation": [],
            "enforce_private_link_endpoint_network_policies": false,
            "enforce_private_link_service_network_policies": false,
            "id": "/subscriptions/4cfc7b54-c1c5-4ab5-ac41-ce0b11aeecfd/resourceGroups/test-group/providers/Microsoft.Network/virtualNetworks/test-vertual-net/subnets/test-subnet-01",
            "name": "test-subnet-01",
            "private_endpoint_network_policies_enabled": true,
            "private_link_service_network_policies_enabled": true,
            "resource_group_name": "test-group",
            "service_endpoint_policy_ids": null,
            "service_endpoints": null,
            "timeouts": null,
            "virtual_network_name": "test-vertual-net"
          },
          "sensitive_attributes": [],
          "private": "eyJlMmJmYjczMC1lY2FhLTExZTYtOGY4OC0zNDM2M2JjN2M0YzAiOnsiY3JlYXRlIjoxODAwMDAwMDAwMDAwLCJkZWxldGUiOjE4MDAwMDAwMDAwMDAsInJlYWQiOjMwMDAwMDAwMDAwMCwidXBkYXRlIjoxODAwMDAwMDAwMDAwfX0=",
          "dependencies": [
            "azurerm_resource_group.test-group",
            "azurerm_virtual_network.test-virtual-net"
          ]
        }
      ]
    },
    {
      "mode": "managed",
      "type": "azurerm_subnet_network_security_group_association",
      "name": "test-sga-01",
      "provider": "provider[\"registry.terraform.io/hashicorp/azurerm\"]",
      "instances": [
        {
          "schema_version": 0,
          "attributes": {
            "id": "/subscriptions/4cfc7b54-c1c5-4ab5-ac41-ce0b11aeecfd/resourceGroups/test-group/providers/Microsoft.Network/virtualNetworks/test-vertual-net/subnets/test-subnet-01",
            "network_security_group_id": "/subscriptions/4cfc7b54-c1c5-4ab5-ac41-ce0b11aeecfd/resourceGroups/test-group/providers/Microsoft.Network/networkSecurityGroups/test-control-sg-01",
            "subnet_id": "/subscriptions/4cfc7b54-c1c5-4ab5-ac41-ce0b11aeecfd/resourceGroups/test-group/providers/Microsoft.Network/virtualNetworks/test-vertual-net/subnets/test-subnet-01",
            "timeouts": null
          },
          "sensitive_attributes": [],
          "private": "eyJlMmJmYjczMC1lY2FhLTExZTYtOGY4OC0zNDM2M2JjN2M0YzAiOnsiY3JlYXRlIjoxODAwMDAwMDAwMDAwLCJkZWxldGUiOjE4MDAwMDAwMDAwMDAsInJlYWQiOjMwMDAwMDAwMDAwMCwidXBkYXRlIjoxODAwMDAwMDAwMDAwfX0=",
          "dependencies": [
            "azurerm_network_security_group.test-control-sg-01",
            "azurerm_resource_group.test-group",
            "azurerm_subnet.test-subnet-01",
            "azurerm_virtual_network.test-virtual-net"
          ]
        }
      ]
    },
    {
      "mode": "managed",
      "type": "azurerm_virtual_network",
      "name": "test-virtual-net",
      "provider": "provider[\"registry.terraform.io/hashicorp/azurerm\"]",
      "instances": [
        {
          "schema_version": 0,
          "attributes": {
            "address_space": [
              "10.0.0.0/16"
            ],
            "bgp_community": "",
            "ddos_protection_plan": [],
            "dns_servers": [],
            "edge_zone": "",
            "encryption": [],
            "flow_timeout_in_minutes": 0,
            "guid": "737ae717-457d-4741-be1b-9c40b2cf7452",
            "id": "/subscriptions/4cfc7b54-c1c5-4ab5-ac41-ce0b11aeecfd/resourceGroups/test-group/providers/Microsoft.Network/virtualNetworks/test-vertual-net",
            "location": "eastus",
            "name": "test-vertual-net",
            "resource_group_name": "test-group",
            "subnet": [],
            "tags": {
              "environment": "test-demo"
            },
            "timeouts": null
          },
          "sensitive_attributes": [],
          "private": "eyJlMmJmYjczMC1lY2FhLTExZTYtOGY4OC0zNDM2M2JjN2M0YzAiOnsiY3JlYXRlIjoxODAwMDAwMDAwMDAwLCJkZWxldGUiOjE4MDAwMDAwMDAwMDAsInJlYWQiOjMwMDAwMDAwMDAwMCwidXBkYXRlIjoxODAwMDAwMDAwMDAwfX0=",
          "dependencies": [
            "azurerm_resource_group.test-group"
          ]
        }
      ]
    }
  ],
  "check_results": null
}
