{
  "version": 4,
  "terraform_version": "1.6.2",
  "serial": 392,
  "lineage": "7eaffb73-501b-8adf-da43-550ede3be67a",
  "outputs": {},
  "resources": [
    {
      "module": "module.network",
      "mode": "data",
      "type": "azurerm_public_ip",
      "name": "data_jump_public_ip",
      "provider": "provider[\"registry.terraform.io/hashicorp/azurerm\"]",
      "instances": [
        {
          "schema_version": 0,
          "attributes": {
            "allocation_method": "Dynamic",
            "ddos_protection_mode": "VirtualNetworkInherited",
            "ddos_protection_plan_id": null,
            "domain_name_label": "hackmaze-jump-server",
            "fqdn": "hackmaze-jump-server.eastus.cloudapp.azure.com",
            "id": "/subscriptions/fa7b5c15-634c-4682-b7c3-3782c5d3b44f/resourceGroups/hackmaze-rc/providers/Microsoft.Network/publicIPAddresses/jump-server-ip",
            "idle_timeout_in_minutes": 4,
            "ip_address": "",
            "ip_tags": {},
            "ip_version": "IPv4",
            "location": "eastus",
            "name": "jump-server-ip",
            "resource_group_name": "hackmaze-rc",
            "reverse_fqdn": "",
            "sku": "Basic",
            "tags": {
              "environment": "testing",
              "owner": "1337",
              "project": "Hackmaze"
            },
            "timeouts": null,
            "zones": []
          },
          "sensitive_attributes": []
        }
      ]
    },
    {
      "module": "module.network",
      "mode": "managed",
      "type": "azurerm_public_ip",
      "name": "jump_server_ip",
      "provider": "provider[\"registry.terraform.io/hashicorp/azurerm\"]",
      "instances": [
        {
          "schema_version": 0,
          "attributes": {
            "allocation_method": "Dynamic",
            "ddos_protection_mode": "VirtualNetworkInherited",
            "ddos_protection_plan_id": null,
            "domain_name_label": "hackmaze-jump-server",
            "edge_zone": "",
            "fqdn": "hackmaze-jump-server.eastus.cloudapp.azure.com",
            "id": "/subscriptions/fa7b5c15-634c-4682-b7c3-3782c5d3b44f/resourceGroups/hackmaze-rc/providers/Microsoft.Network/publicIPAddresses/jump-server-ip",
            "idle_timeout_in_minutes": 4,
            "ip_address": "",
            "ip_tags": {},
            "ip_version": "IPv4",
            "location": "eastus",
            "name": "jump-server-ip",
            "public_ip_prefix_id": null,
            "resource_group_name": "hackmaze-rc",
            "reverse_fqdn": "",
            "sku": "Basic",
            "sku_tier": "Regional",
            "tags": {
              "environment": "testing",
              "owner": "1337",
              "project": "Hackmaze"
            },
            "timeouts": null,
            "zones": []
          },
          "sensitive_attributes": [],
          "private": "eyJlMmJmYjczMC1lY2FhLTExZTYtOGY4OC0zNDM2M2JjN2M0YzAiOnsiY3JlYXRlIjoxODAwMDAwMDAwMDAwLCJkZWxldGUiOjE4MDAwMDAwMDAwMDAsInJlYWQiOjMwMDAwMDAwMDAwMCwidXBkYXRlIjoxODAwMDAwMDAwMDAwfX0=",
          "dependencies": [
            "module.rc-group.azurerm_resource_group.hackmaze-rc"
          ]
        }
      ]
    },
    {
      "module": "module.network",
      "mode": "managed",
      "type": "azurerm_subnet",
      "name": "hackmaze-subnet-01",
      "provider": "provider[\"registry.terraform.io/hashicorp/azurerm\"]",
      "instances": [
        {
          "schema_version": 0,
          "attributes": {
            "address_prefixes": [
              "10.0.244.0/24"
            ],
            "delegation": [],
            "enforce_private_link_endpoint_network_policies": false,
            "enforce_private_link_service_network_policies": false,
            "id": "/subscriptions/fa7b5c15-634c-4682-b7c3-3782c5d3b44f/resourceGroups/hackmaze-rc/providers/Microsoft.Network/virtualNetworks/hackmaze-vertual-net/subnets/hackmaze-subnet-01",
            "name": "hackmaze-subnet-01",
            "private_endpoint_network_policies_enabled": true,
            "private_link_service_network_policies_enabled": true,
            "resource_group_name": "hackmaze-rc",
            "service_endpoint_policy_ids": [],
            "service_endpoints": [],
            "timeouts": null,
            "virtual_network_name": "hackmaze-vertual-net"
          },
          "sensitive_attributes": [],
          "private": "eyJlMmJmYjczMC1lY2FhLTExZTYtOGY4OC0zNDM2M2JjN2M0YzAiOnsiY3JlYXRlIjoxODAwMDAwMDAwMDAwLCJkZWxldGUiOjE4MDAwMDAwMDAwMDAsInJlYWQiOjMwMDAwMDAwMDAwMCwidXBkYXRlIjoxODAwMDAwMDAwMDAwfX0=",
          "dependencies": [
            "module.network.azurerm_virtual_network.hackmaze-virtual-net",
            "module.rc-group.azurerm_resource_group.hackmaze-rc"
          ]
        }
      ]
    },
    {
      "module": "module.network",
      "mode": "managed",
      "type": "azurerm_virtual_network",
      "name": "hackmaze-virtual-net",
      "provider": "provider[\"registry.terraform.io/hashicorp/azurerm\"]",
      "instances": [
        {
          "schema_version": 0,
          "attributes": {
            "address_space": [
              "10.0.0.0/16"
            ],
            "bgp_community": "",
            "ddos_protection_plan": [],
            "dns_servers": [],
            "edge_zone": "",
            "encryption": [],
            "flow_timeout_in_minutes": 0,
            "guid": "0ba75dda-02a0-460c-937c-66fce8651e4d",
            "id": "/subscriptions/fa7b5c15-634c-4682-b7c3-3782c5d3b44f/resourceGroups/hackmaze-rc/providers/Microsoft.Network/virtualNetworks/hackmaze-vertual-net",
            "location": "eastus",
            "name": "hackmaze-vertual-net",
            "resource_group_name": "hackmaze-rc",
            "subnet": [
              {
                "address_prefix": "10.0.244.0/24",
                "id": "/subscriptions/fa7b5c15-634c-4682-b7c3-3782c5d3b44f/resourceGroups/hackmaze-rc/providers/Microsoft.Network/virtualNetworks/hackmaze-vertual-net/subnets/hackmaze-subnet-01",
                "name": "hackmaze-subnet-01",
                "security_group": ""
              }
            ],
            "tags": {
              "environment": "testing",
              "owner": "1337",
              "project": "Hackmaze"
            },
            "timeouts": null
          },
          "sensitive_attributes": [],
          "private": "eyJlMmJmYjczMC1lY2FhLTExZTYtOGY4OC0zNDM2M2JjN2M0YzAiOnsiY3JlYXRlIjoxODAwMDAwMDAwMDAwLCJkZWxldGUiOjE4MDAwMDAwMDAwMDAsInJlYWQiOjMwMDAwMDAwMDAwMCwidXBkYXRlIjoxODAwMDAwMDAwMDAwfX0=",
          "dependencies": [
            "module.rc-group.azurerm_resource_group.hackmaze-rc"
          ]
        }
      ]
    },
    {
      "module": "module.rc-group",
      "mode": "managed",
      "type": "azurerm_resource_group",
      "name": "hackmaze-rc",
      "provider": "provider[\"registry.terraform.io/hashicorp/azurerm\"]",
      "instances": [
        {
          "schema_version": 0,
          "attributes": {
            "id": "/subscriptions/fa7b5c15-634c-4682-b7c3-3782c5d3b44f/resourceGroups/hackmaze-rc",
            "location": "eastus",
            "managed_by": "",
            "name": "hackmaze-rc",
            "tags": {
              "environment": "testing",
              "owner": "1337",
              "project": "Hackmaze"
            },
            "timeouts": null
          },
          "sensitive_attributes": [],
          "private": "eyJlMmJmYjczMC1lY2FhLTExZTYtOGY4OC0zNDM2M2JjN2M0YzAiOnsiY3JlYXRlIjo1NDAwMDAwMDAwMDAwLCJkZWxldGUiOjU0MDAwMDAwMDAwMDAsInJlYWQiOjMwMDAwMDAwMDAwMCwidXBkYXRlIjo1NDAwMDAwMDAwMDAwfX0="
        }
      ]
    },
    {
      "module": "module.security",
      "mode": "managed",
      "type": "azurerm_network_security_group",
      "name": "control-sg-01",
      "provider": "provider[\"registry.terraform.io/hashicorp/azurerm\"]",
      "instances": [
        {
          "schema_version": 0,
          "attributes": {
            "id": "/subscriptions/fa7b5c15-634c-4682-b7c3-3782c5d3b44f/resourceGroups/hackmaze-rc/providers/Microsoft.Network/networkSecurityGroups/control-sg-01",
            "location": "eastus",
            "name": "control-sg-01",
            "resource_group_name": "hackmaze-rc",
            "security_rule": [],
            "tags": {
              "environment": "testing",
              "owner": "1337",
              "project": "Hackmaze"
            },
            "timeouts": null
          },
          "sensitive_attributes": [],
          "private": "eyJlMmJmYjczMC1lY2FhLTExZTYtOGY4OC0zNDM2M2JjN2M0YzAiOnsiY3JlYXRlIjoxODAwMDAwMDAwMDAwLCJkZWxldGUiOjE4MDAwMDAwMDAwMDAsInJlYWQiOjMwMDAwMDAwMDAwMCwidXBkYXRlIjoxODAwMDAwMDAwMDAwfX0=",
          "dependencies": [
            "module.network.azurerm_public_ip.jump_server_ip",
            "module.network.azurerm_subnet.hackmaze-subnet-01",
            "module.network.azurerm_virtual_network.hackmaze-virtual-net",
            "module.network.data.azurerm_public_ip.data_jump_public_ip",
            "module.rc-group.azurerm_resource_group.hackmaze-rc"
          ]
        }
      ]
    }
  ],
  "check_results": null
}
